
Microsoft Visual Studio Solution File, Format Version 12.00
# Visual Studio Version 16
VisualStudioVersion = 16.0.29905.134
MinimumVisualStudioVersion = 10.0.40219.1
Project("{FAE04EC0-301F-11D3-BF4B-00C04F79EFBC}") = "class-book", "class-book\class-book.csproj", "{8FA59F52-4742-4F51-8B69-8E40EB787170}"
EndProject
Project("{FAE04EC0-301F-11D3-BF4B-00C04F79EFBC}") = "Data", "Data\Data.csproj", "{041E17FA-A1CE-4B3B-9169-9B3DDA34B28F}"
EndProject
Global
	GlobalSection(SolutionConfigurationPlatforms) = preSolution
		Debug|Any CPU = Debug|Any CPU
		Release|Any CPU = Release|Any CPU
	EndGlobalSection
	GlobalSection(ProjectConfigurationPlatforms) = postSolution
		{8FA59F52-4742-4F51-8B69-8E40EB787170}.Debug|Any CPU.ActiveCfg = Debug|Any CPU
		{8FA59F52-4742-4F51-8B69-8E40EB787170}.Debug|Any CPU.Build.0 = Debug|Any CPU
		{8FA59F52-4742-4F51-8B69-8E40EB787170}.Release|Any CPU.ActiveCfg = Release|Any CPU
		{8FA59F52-4742-4F51-8B69-8E40EB787170}.Release|Any CPU.Build.0 = Release|Any CPU
		{041E17FA-A1CE-4B3B-9169-9B3DDA34B28F}.Debug|Any CPU.ActiveCfg = Debug|Any CPU
		{041E17FA-A1CE-4B3B-9169-9B3DDA34B28F}.Debug|Any CPU.Build.0 = Debug|Any CPU
		{041E17FA-A1CE-4B3B-9169-9B3DDA34B28F}.Release|Any CPU.ActiveCfg = Release|Any CPU
		{041E17FA-A1CE-4B3B-9169-9B3DDA34B28F}.Release|Any CPU.Build.0 = Release|Any CPU
	EndGlobalSection
	GlobalSection(SolutionProperties) = preSolution
		HideSolutionNode = FALSE
	EndGlobalSection
	GlobalSection(ExtensibilityGlobals) = postSolution
		SolutionGuid = {4883B379-C9A8-4FD5-98D7-2EF6409A3961}
	EndGlobalSection
EndGlobal
